
Microsoft Visual Studio Solution File, Format Version 12.00
# Visual Studio 2013
VisualStudioVersion = 12.0.31101.0
MinimumVisualStudioVersion = 10.0.40219.1
Project("{2150E333-8FDC-42A3-9474-1A3956D46DE8}") = "Solution Items", "Solution Items", "{4F08881D-DEEA-4B5A-AE6E-6D5A0E3A8196}"
	ProjectSection(SolutionItems) = preProject
		Dhgms.Whipstaff.vsmdi = Dhgms.Whipstaff.vsmdi
		Local.testsettings = Local.testsettings
		TraceAndTestImpact.testsettings = TraceAndTestImpact.testsettings
		TransformOnBuild.targets = TransformOnBuild.targets
	EndProjectSection
EndProject
Project("{FAE04EC0-301F-11D3-BF4B-00C04F79EFBC}") = "Dhgms.Whipstaff.CodeGeneration", "Dhgms.Whipstaff.CodeGeneration\Dhgms.Whipstaff.CodeGeneration.csproj", "{2F107A4F-0373-4289-AADB-DB195F3710EA}"
EndProject
Project("{FAE04EC0-301F-11D3-BF4B-00C04F79EFBC}") = "Dhgms.Whipstaff.Nucleotide", "Dhgms.Whipstaff.Nucleotide\Dhgms.Whipstaff.Nucleotide.csproj", "{08D9CC10-DEAE-4DFA-998C-3C3BD620A418}"
EndProject
Project("{2150E333-8FDC-42A3-9474-1A3956D46DE8}") = "CodeGeneration", "CodeGeneration", "{BDA920A6-4BED-4FEA-BA67-99414BDCF746}"
EndProject
Project("{2150E333-8FDC-42A3-9474-1A3956D46DE8}") = "Tests", "Tests", "{17BB5D16-7C33-4B92-81B7-CBDD4DD7364A}"
EndProject
Project("{FAE04EC0-301F-11D3-BF4B-00C04F79EFBC}") = "Dhgms.Whipstaff.Tests", "Dhgms.Whipstaff.Tests\Dhgms.Whipstaff.Tests.csproj", "{F34C5603-AAD6-4390-8E6F-015608CB88AC}"
EndProject
Project("{FAE04EC0-301F-11D3-BF4B-00C04F79EFBC}") = "Dhgms.Whipstaff.Showcase.Desktop", "Dhgms.Whipstaff.Showcase.Desktop\Dhgms.Whipstaff.Showcase.Desktop.csproj", "{B2D54242-533A-48A9-B963-961AEBDF4FCF}"
EndProject
Project("{FAE04EC0-301F-11D3-BF4B-00C04F79EFBC}") = "Dhgms.Whipstaff.Showcase.Common", "Dhgms.Whipstaff.Showcase.Common\Dhgms.Whipstaff.Showcase.Common.csproj", "{7AB86FED-EDF7-4D2D-A979-77A1E59DF003}"
EndProject
Project("{FAE04EC0-301F-11D3-BF4B-00C04F79EFBC}") = "Dhgms.Whipstaff.Desktop", "Dhgms.Whipstaff.Desktop\Dhgms.Whipstaff.Desktop.csproj", "{07F58508-4D92-46F4-88A7-35206BF1A902}"
EndProject
Project("{FAE04EC0-301F-11D3-BF4B-00C04F79EFBC}") = "Dhgms.Whipstaff.WindowsStore", "Dhgms.Whipstaff.WindowsStore\Dhgms.Whipstaff.WindowsStore.csproj", "{862006A1-571F-4D27-AB6E-10CFDACF1386}"
EndProject
Project("{FAE04EC0-301F-11D3-BF4B-00C04F79EFBC}") = "Dhgms.Whipstaff.WindowsPhone", "Dhgms.Whipstaff.WindowsPhone\Dhgms.Whipstaff.WindowsPhone.csproj", "{F18DD916-7BE3-4909-9C91-2832C0779342}"
EndProject
Project("{2150E333-8FDC-42A3-9474-1A3956D46DE8}") = "Showcase", "Showcase", "{C30E074D-E642-4E96-AEE7-8CE404C79370}"
EndProject
Project("{FAE04EC0-301F-11D3-BF4B-00C04F79EFBC}") = "Dhgms.Whipstaff.Core", "Dhgms.Whipstaff.Core\Dhgms.Whipstaff.Core.csproj", "{3C16CCA0-EBFD-4098-9000-E0B064B1EC38}"
EndProject
Project("{FAE04EC0-301F-11D3-BF4B-00C04F79EFBC}") = "Dhgms.Whipstaff.Future", "Dhgms.Whipstaff.Future\Dhgms.Whipstaff.Future.csproj", "{15108C2E-5C37-4662-BA8E-B1F1DE68D9F6}"
EndProject
Project("{2150E333-8FDC-42A3-9474-1A3956D46DE8}") = ".nuget", ".nuget", "{B9EDB91D-BCE9-4F6E-962A-18C77CCEEAF4}"
	ProjectSection(SolutionItems) = preProject
		.nuget\NuGet.Config = .nuget\NuGet.Config
		.nuget\NuGet.exe = .nuget\NuGet.exe
		.nuget\NuGet.targets = .nuget\NuGet.targets
	EndProjectSection
EndProject
Global
	GlobalSection(TeamFoundationVersionControl) = preSolution
		SccNumberOfProjects = 11
		SccEnterpriseProvider = {4CA58AB2-18FA-4F8D-95D4-32DDF27D184C}
		SccTeamFoundationServer = https://tfs.codeplex.com/tfs/tfs01
		SccLocalPath0 = .
		SccProjectUniqueName1 = Dhgms.Whipstaff.CodeGeneration\\Dhgms.Whipstaff.CodeGeneration.csproj
		SccProjectTopLevelParentUniqueName1 = Dhgms.Whipstaff.sln
		SccProjectName1 = Dhgms.Whipstaff.CodeGeneration
		SccLocalPath1 = Dhgms.Whipstaff.CodeGeneration
		SccProjectUniqueName2 = Dhgms.Whipstaff.Nucleotide\\Dhgms.Whipstaff.Nucleotide.csproj
		SccProjectTopLevelParentUniqueName2 = Dhgms.Whipstaff.sln
		SccProjectName2 = Dhgms.Whipstaff.Nucleotide
		SccLocalPath2 = Dhgms.Whipstaff.Nucleotide
		SccProjectUniqueName3 = Dhgms.Whipstaff.Tests\\Dhgms.Whipstaff.Tests.csproj
		SccProjectTopLevelParentUniqueName3 = Dhgms.Whipstaff.sln
		SccProjectName3 = Dhgms.Whipstaff.Tests
		SccLocalPath3 = Dhgms.Whipstaff.Tests
		SccProjectUniqueName4 = Dhgms.Whipstaff.Showcase.Desktop\\Dhgms.Whipstaff.Showcase.Desktop.csproj
		SccProjectTopLevelParentUniqueName4 = Dhgms.Whipstaff.sln
		SccProjectName4 = Dhgms.Whipstaff.Showcase.Desktop
		SccLocalPath4 = Dhgms.Whipstaff.Showcase.Desktop
		SccProjectUniqueName5 = Dhgms.Whipstaff.Showcase.Common\\Dhgms.Whipstaff.Showcase.Common.csproj
		SccProjectTopLevelParentUniqueName5 = Dhgms.Whipstaff.sln
		SccProjectName5 = Dhgms.Whipstaff.Showcase.Common
		SccLocalPath5 = Dhgms.Whipstaff.Showcase.Common
		SccProjectUniqueName6 = Dhgms.Whipstaff.Desktop\\Dhgms.Whipstaff.Desktop.csproj
		SccProjectName6 = Dhgms.Whipstaff.Desktop
		SccLocalPath6 = Dhgms.Whipstaff.Desktop
		SccProjectUniqueName7 = Dhgms.Whipstaff.WindowsStore\\Dhgms.Whipstaff.WindowsStore.csproj
		SccProjectName7 = Dhgms.Whipstaff.WindowsStore
		SccLocalPath7 = Dhgms.Whipstaff.WindowsStore
		SccProjectUniqueName8 = Dhgms.Whipstaff.WindowsPhone\\Dhgms.Whipstaff.WindowsPhone.csproj
		SccProjectName8 = Dhgms.Whipstaff.WindowsPhone
		SccLocalPath8 = Dhgms.Whipstaff.WindowsPhone
		SccProjectUniqueName9 = Dhgms.Whipstaff.Core\\Dhgms.Whipstaff.Core.csproj
		SccProjectName9 = Dhgms.Whipstaff.Core
		SccLocalPath9 = Dhgms.Whipstaff.Core
		SccProjectUniqueName10 = Dhgms.Whipstaff.Future\\Dhgms.Whipstaff.Future.csproj
		SccProjectName10 = Dhgms.Whipstaff.Future
		SccLocalPath10 = Dhgms.Whipstaff.Future
	EndGlobalSection
	GlobalSection(SolutionConfigurationPlatforms) = preSolution
		Debug|Any CPU = Debug|Any CPU
		Debug|ARM = Debug|ARM
		Debug|Mixed Platforms = Debug|Mixed Platforms
		Debug|x64 = Debug|x64
		Debug|x86 = Debug|x86
		Release|Any CPU = Release|Any CPU
		Release|ARM = Release|ARM
		Release|Mixed Platforms = Release|Mixed Platforms
		Release|x64 = Release|x64
		Release|x86 = Release|x86
	EndGlobalSection
	GlobalSection(ProjectConfigurationPlatforms) = postSolution
		{2F107A4F-0373-4289-AADB-DB195F3710EA}.Debug|Any CPU.ActiveCfg = Debug|Any CPU
		{2F107A4F-0373-4289-AADB-DB195F3710EA}.Debug|ARM.ActiveCfg = Debug|Any CPU
		{2F107A4F-0373-4289-AADB-DB195F3710EA}.Debug|Mixed Platforms.ActiveCfg = Debug|Any CPU
		{2F107A4F-0373-4289-AADB-DB195F3710EA}.Debug|x64.ActiveCfg = Debug|Any CPU
		{2F107A4F-0373-4289-AADB-DB195F3710EA}.Debug|x86.ActiveCfg = Debug|Any CPU
		{2F107A4F-0373-4289-AADB-DB195F3710EA}.Release|Any CPU.ActiveCfg = Release|Any CPU
		{2F107A4F-0373-4289-AADB-DB195F3710EA}.Release|Any CPU.Build.0 = Release|Any CPU
		{2F107A4F-0373-4289-AADB-DB195F3710EA}.Release|ARM.ActiveCfg = Release|Any CPU
		{2F107A4F-0373-4289-AADB-DB195F3710EA}.Release|Mixed Platforms.ActiveCfg = Release|Any CPU
		{2F107A4F-0373-4289-AADB-DB195F3710EA}.Release|Mixed Platforms.Build.0 = Release|Any CPU
		{2F107A4F-0373-4289-AADB-DB195F3710EA}.Release|x64.ActiveCfg = Release|Any CPU
		{2F107A4F-0373-4289-AADB-DB195F3710EA}.Release|x86.ActiveCfg = Release|Any CPU
		{08D9CC10-DEAE-4DFA-998C-3C3BD620A418}.Debug|Any CPU.ActiveCfg = Debug|Any CPU
		{08D9CC10-DEAE-4DFA-998C-3C3BD620A418}.Debug|ARM.ActiveCfg = Debug|Any CPU
		{08D9CC10-DEAE-4DFA-998C-3C3BD620A418}.Debug|Mixed Platforms.ActiveCfg = Debug|Any CPU
		{08D9CC10-DEAE-4DFA-998C-3C3BD620A418}.Debug|x64.ActiveCfg = Debug|Any CPU
		{08D9CC10-DEAE-4DFA-998C-3C3BD620A418}.Debug|x86.ActiveCfg = Debug|Any CPU
		{08D9CC10-DEAE-4DFA-998C-3C3BD620A418}.Release|Any CPU.ActiveCfg = Release|Any CPU
		{08D9CC10-DEAE-4DFA-998C-3C3BD620A418}.Release|Any CPU.Build.0 = Release|Any CPU
		{08D9CC10-DEAE-4DFA-998C-3C3BD620A418}.Release|ARM.ActiveCfg = Release|Any CPU
		{08D9CC10-DEAE-4DFA-998C-3C3BD620A418}.Release|Mixed Platforms.ActiveCfg = Release|Any CPU
		{08D9CC10-DEAE-4DFA-998C-3C3BD620A418}.Release|Mixed Platforms.Build.0 = Release|Any CPU
		{08D9CC10-DEAE-4DFA-998C-3C3BD620A418}.Release|x64.ActiveCfg = Release|Any CPU
		{08D9CC10-DEAE-4DFA-998C-3C3BD620A418}.Release|x86.ActiveCfg = Release|Any CPU
		{F34C5603-AAD6-4390-8E6F-015608CB88AC}.Debug|Any CPU.ActiveCfg = Debug|Any CPU
		{F34C5603-AAD6-4390-8E6F-015608CB88AC}.Debug|Any CPU.Build.0 = Debug|Any CPU
		{F34C5603-AAD6-4390-8E6F-015608CB88AC}.Debug|ARM.ActiveCfg = Debug|Any CPU
		{F34C5603-AAD6-4390-8E6F-015608CB88AC}.Debug|Mixed Platforms.ActiveCfg = Debug|Any CPU
		{F34C5603-AAD6-4390-8E6F-015608CB88AC}.Debug|Mixed Platforms.Build.0 = Debug|Any CPU
		{F34C5603-AAD6-4390-8E6F-015608CB88AC}.Debug|x64.ActiveCfg = Debug|Any CPU
		{F34C5603-AAD6-4390-8E6F-015608CB88AC}.Debug|x86.ActiveCfg = Debug|Any CPU
		{F34C5603-AAD6-4390-8E6F-015608CB88AC}.Release|Any CPU.ActiveCfg = Release|Any CPU
		{F34C5603-AAD6-4390-8E6F-015608CB88AC}.Release|Any CPU.Build.0 = Release|Any CPU
		{F34C5603-AAD6-4390-8E6F-015608CB88AC}.Release|ARM.ActiveCfg = Release|Any CPU
		{F34C5603-AAD6-4390-8E6F-015608CB88AC}.Release|Mixed Platforms.ActiveCfg = Release|Any CPU
		{F34C5603-AAD6-4390-8E6F-015608CB88AC}.Release|Mixed Platforms.Build.0 = Release|Any CPU
		{F34C5603-AAD6-4390-8E6F-015608CB88AC}.Release|x64.ActiveCfg = Release|Any CPU
		{F34C5603-AAD6-4390-8E6F-015608CB88AC}.Release|x86.ActiveCfg = Release|Any CPU
		{B2D54242-533A-48A9-B963-961AEBDF4FCF}.Debug|Any CPU.ActiveCfg = Debug|Any CPU
		{B2D54242-533A-48A9-B963-961AEBDF4FCF}.Debug|ARM.ActiveCfg = Debug|Any CPU
		{B2D54242-533A-48A9-B963-961AEBDF4FCF}.Debug|Mixed Platforms.ActiveCfg = Debug|Any CPU
		{B2D54242-533A-48A9-B963-961AEBDF4FCF}.Debug|Mixed Platforms.Build.0 = Debug|Any CPU
		{B2D54242-533A-48A9-B963-961AEBDF4FCF}.Debug|x64.ActiveCfg = Debug|Any CPU
		{B2D54242-533A-48A9-B963-961AEBDF4FCF}.Debug|x86.ActiveCfg = Debug|Any CPU
		{B2D54242-533A-48A9-B963-961AEBDF4FCF}.Release|Any CPU.ActiveCfg = Release|Any CPU
		{B2D54242-533A-48A9-B963-961AEBDF4FCF}.Release|Any CPU.Build.0 = Release|Any CPU
		{B2D54242-533A-48A9-B963-961AEBDF4FCF}.Release|ARM.ActiveCfg = Release|Any CPU
		{B2D54242-533A-48A9-B963-961AEBDF4FCF}.Release|Mixed Platforms.ActiveCfg = Release|Any CPU
		{B2D54242-533A-48A9-B963-961AEBDF4FCF}.Release|Mixed Platforms.Build.0 = Release|Any CPU
		{B2D54242-533A-48A9-B963-961AEBDF4FCF}.Release|x64.ActiveCfg = Release|Any CPU
		{B2D54242-533A-48A9-B963-961AEBDF4FCF}.Release|x86.ActiveCfg = Release|Any CPU
		{7AB86FED-EDF7-4D2D-A979-77A1E59DF003}.Debug|Any CPU.ActiveCfg = Debug|Any CPU
		{7AB86FED-EDF7-4D2D-A979-77A1E59DF003}.Debug|ARM.ActiveCfg = Debug|Any CPU
		{7AB86FED-EDF7-4D2D-A979-77A1E59DF003}.Debug|Mixed Platforms.ActiveCfg = Debug|Any CPU
		{7AB86FED-EDF7-4D2D-A979-77A1E59DF003}.Debug|Mixed Platforms.Build.0 = Debug|Any CPU
		{7AB86FED-EDF7-4D2D-A979-77A1E59DF003}.Debug|x64.ActiveCfg = Debug|Any CPU
		{7AB86FED-EDF7-4D2D-A979-77A1E59DF003}.Debug|x86.ActiveCfg = Debug|Any CPU
		{7AB86FED-EDF7-4D2D-A979-77A1E59DF003}.Release|Any CPU.ActiveCfg = Release|Any CPU
		{7AB86FED-EDF7-4D2D-A979-77A1E59DF003}.Release|Any CPU.Build.0 = Release|Any CPU
		{7AB86FED-EDF7-4D2D-A979-77A1E59DF003}.Release|ARM.ActiveCfg = Release|Any CPU
		{7AB86FED-EDF7-4D2D-A979-77A1E59DF003}.Release|Mixed Platforms.ActiveCfg = Release|Any CPU
		{7AB86FED-EDF7-4D2D-A979-77A1E59DF003}.Release|Mixed Platforms.Build.0 = Release|Any CPU
		{7AB86FED-EDF7-4D2D-A979-77A1E59DF003}.Release|x64.ActiveCfg = Release|Any CPU
		{7AB86FED-EDF7-4D2D-A979-77A1E59DF003}.Release|x86.ActiveCfg = Release|Any CPU
		{07F58508-4D92-46F4-88A7-35206BF1A902}.Debug|Any CPU.ActiveCfg = Debug|Any CPU
		{07F58508-4D92-46F4-88A7-35206BF1A902}.Debug|ARM.ActiveCfg = Debug|Any CPU
		{07F58508-4D92-46F4-88A7-35206BF1A902}.Debug|Mixed Platforms.ActiveCfg = Debug|Any CPU
		{07F58508-4D92-46F4-88A7-35206BF1A902}.Debug|Mixed Platforms.Build.0 = Debug|Any CPU
		{07F58508-4D92-46F4-88A7-35206BF1A902}.Debug|x64.ActiveCfg = Debug|Any CPU
		{07F58508-4D92-46F4-88A7-35206BF1A902}.Debug|x86.ActiveCfg = Debug|Any CPU
		{07F58508-4D92-46F4-88A7-35206BF1A902}.Release|Any CPU.ActiveCfg = Release|Any CPU
		{07F58508-4D92-46F4-88A7-35206BF1A902}.Release|Any CPU.Build.0 = Release|Any CPU
		{07F58508-4D92-46F4-88A7-35206BF1A902}.Release|ARM.ActiveCfg = Release|Any CPU
		{07F58508-4D92-46F4-88A7-35206BF1A902}.Release|Mixed Platforms.ActiveCfg = Release|Any CPU
		{07F58508-4D92-46F4-88A7-35206BF1A902}.Release|Mixed Platforms.Build.0 = Release|Any CPU
		{07F58508-4D92-46F4-88A7-35206BF1A902}.Release|x64.ActiveCfg = Release|Any CPU
		{07F58508-4D92-46F4-88A7-35206BF1A902}.Release|x86.ActiveCfg = Release|Any CPU
		{862006A1-571F-4D27-AB6E-10CFDACF1386}.Debug|Any CPU.ActiveCfg = Debug|Any CPU
		{862006A1-571F-4D27-AB6E-10CFDACF1386}.Debug|ARM.ActiveCfg = Debug|ARM
		{862006A1-571F-4D27-AB6E-10CFDACF1386}.Debug|ARM.Build.0 = Debug|ARM
		{862006A1-571F-4D27-AB6E-10CFDACF1386}.Debug|Mixed Platforms.ActiveCfg = Debug|x86
		{862006A1-571F-4D27-AB6E-10CFDACF1386}.Debug|Mixed Platforms.Build.0 = Debug|x86
		{862006A1-571F-4D27-AB6E-10CFDACF1386}.Debug|x64.ActiveCfg = Debug|x64
		{862006A1-571F-4D27-AB6E-10CFDACF1386}.Debug|x64.Build.0 = Debug|x64
		{862006A1-571F-4D27-AB6E-10CFDACF1386}.Debug|x86.ActiveCfg = Debug|x86
		{862006A1-571F-4D27-AB6E-10CFDACF1386}.Debug|x86.Build.0 = Debug|x86
		{862006A1-571F-4D27-AB6E-10CFDACF1386}.Release|Any CPU.ActiveCfg = Release|Any CPU
		{862006A1-571F-4D27-AB6E-10CFDACF1386}.Release|Any CPU.Build.0 = Release|Any CPU
		{862006A1-571F-4D27-AB6E-10CFDACF1386}.Release|ARM.ActiveCfg = Release|ARM
		{862006A1-571F-4D27-AB6E-10CFDACF1386}.Release|ARM.Build.0 = Release|ARM
		{862006A1-571F-4D27-AB6E-10CFDACF1386}.Release|Mixed Platforms.ActiveCfg = Release|x86
		{862006A1-571F-4D27-AB6E-10CFDACF1386}.Release|Mixed Platforms.Build.0 = Release|x86
		{862006A1-571F-4D27-AB6E-10CFDACF1386}.Release|x64.ActiveCfg = Release|x64
		{862006A1-571F-4D27-AB6E-10CFDACF1386}.Release|x64.Build.0 = Release|x64
		{862006A1-571F-4D27-AB6E-10CFDACF1386}.Release|x86.ActiveCfg = Release|x86
		{862006A1-571F-4D27-AB6E-10CFDACF1386}.Release|x86.Build.0 = Release|x86
		{F18DD916-7BE3-4909-9C91-2832C0779342}.Debug|Any CPU.ActiveCfg = Debug|Any CPU
		{F18DD916-7BE3-4909-9C91-2832C0779342}.Debug|ARM.ActiveCfg = Debug|ARM
		{F18DD916-7BE3-4909-9C91-2832C0779342}.Debug|ARM.Build.0 = Debug|ARM
		{F18DD916-7BE3-4909-9C91-2832C0779342}.Debug|Mixed Platforms.ActiveCfg = Debug|x86
		{F18DD916-7BE3-4909-9C91-2832C0779342}.Debug|Mixed Platforms.Build.0 = Debug|x86
		{F18DD916-7BE3-4909-9C91-2832C0779342}.Debug|x64.ActiveCfg = Debug|Any CPU
		{F18DD916-7BE3-4909-9C91-2832C0779342}.Debug|x86.ActiveCfg = Debug|x86
		{F18DD916-7BE3-4909-9C91-2832C0779342}.Debug|x86.Build.0 = Debug|x86
		{F18DD916-7BE3-4909-9C91-2832C0779342}.Release|Any CPU.ActiveCfg = Release|Any CPU
		{F18DD916-7BE3-4909-9C91-2832C0779342}.Release|Any CPU.Build.0 = Release|Any CPU
		{F18DD916-7BE3-4909-9C91-2832C0779342}.Release|ARM.ActiveCfg = Release|ARM
		{F18DD916-7BE3-4909-9C91-2832C0779342}.Release|ARM.Build.0 = Release|ARM
		{F18DD916-7BE3-4909-9C91-2832C0779342}.Release|Mixed Platforms.ActiveCfg = Release|x86
		{F18DD916-7BE3-4909-9C91-2832C0779342}.Release|Mixed Platforms.Build.0 = Release|x86
		{F18DD916-7BE3-4909-9C91-2832C0779342}.Release|x64.ActiveCfg = Release|Any CPU
		{F18DD916-7BE3-4909-9C91-2832C0779342}.Release|x86.ActiveCfg = Release|x86
		{F18DD916-7BE3-4909-9C91-2832C0779342}.Release|x86.Build.0 = Release|x86
		{3C16CCA0-EBFD-4098-9000-E0B064B1EC38}.Debug|Any CPU.ActiveCfg = Debug|Any CPU
		{3C16CCA0-EBFD-4098-9000-E0B064B1EC38}.Debug|Any CPU.Build.0 = Debug|Any CPU
		{3C16CCA0-EBFD-4098-9000-E0B064B1EC38}.Debug|ARM.ActiveCfg = Debug|Any CPU
		{3C16CCA0-EBFD-4098-9000-E0B064B1EC38}.Debug|Mixed Platforms.ActiveCfg = Debug|Any CPU
		{3C16CCA0-EBFD-4098-9000-E0B064B1EC38}.Debug|Mixed Platforms.Build.0 = Debug|Any CPU
		{3C16CCA0-EBFD-4098-9000-E0B064B1EC38}.Debug|x64.ActiveCfg = Debug|Any CPU
		{3C16CCA0-EBFD-4098-9000-E0B064B1EC38}.Debug|x86.ActiveCfg = Debug|Any CPU
		{3C16CCA0-EBFD-4098-9000-E0B064B1EC38}.Release|Any CPU.ActiveCfg = Release|Any CPU
		{3C16CCA0-EBFD-4098-9000-E0B064B1EC38}.Release|Any CPU.Build.0 = Release|Any CPU
		{3C16CCA0-EBFD-4098-9000-E0B064B1EC38}.Release|ARM.ActiveCfg = Release|Any CPU
		{3C16CCA0-EBFD-4098-9000-E0B064B1EC38}.Release|Mixed Platforms.ActiveCfg = Release|Any CPU
		{3C16CCA0-EBFD-4098-9000-E0B064B1EC38}.Release|Mixed Platforms.Build.0 = Release|Any CPU
		{3C16CCA0-EBFD-4098-9000-E0B064B1EC38}.Release|x64.ActiveCfg = Release|Any CPU
		{3C16CCA0-EBFD-4098-9000-E0B064B1EC38}.Release|x86.ActiveCfg = Release|Any CPU
		{15108C2E-5C37-4662-BA8E-B1F1DE68D9F6}.Debug|Any CPU.ActiveCfg = Debug|Any CPU
		{15108C2E-5C37-4662-BA8E-B1F1DE68D9F6}.Debug|ARM.ActiveCfg = Debug|Any CPU
		{15108C2E-5C37-4662-BA8E-B1F1DE68D9F6}.Debug|Mixed Platforms.ActiveCfg = Debug|Any CPU
		{15108C2E-5C37-4662-BA8E-B1F1DE68D9F6}.Debug|Mixed Platforms.Build.0 = Debug|Any CPU
		{15108C2E-5C37-4662-BA8E-B1F1DE68D9F6}.Debug|x64.ActiveCfg = Debug|Any CPU
		{15108C2E-5C37-4662-BA8E-B1F1DE68D9F6}.Debug|x86.ActiveCfg = Debug|Any CPU
		{15108C2E-5C37-4662-BA8E-B1F1DE68D9F6}.Release|Any CPU.ActiveCfg = Release|Any CPU
		{15108C2E-5C37-4662-BA8E-B1F1DE68D9F6}.Release|Any CPU.Build.0 = Release|Any CPU
		{15108C2E-5C37-4662-BA8E-B1F1DE68D9F6}.Release|ARM.ActiveCfg = Release|Any CPU
		{15108C2E-5C37-4662-BA8E-B1F1DE68D9F6}.Release|Mixed Platforms.ActiveCfg = Release|Any CPU
		{15108C2E-5C37-4662-BA8E-B1F1DE68D9F6}.Release|Mixed Platforms.Build.0 = Release|Any CPU
		{15108C2E-5C37-4662-BA8E-B1F1DE68D9F6}.Release|x64.ActiveCfg = Release|Any CPU
		{15108C2E-5C37-4662-BA8E-B1F1DE68D9F6}.Release|x86.ActiveCfg = Release|Any CPU
	EndGlobalSection
	GlobalSection(SolutionProperties) = preSolution
		HideSolutionNode = FALSE
	EndGlobalSection
	GlobalSection(NestedProjects) = preSolution
		{2F107A4F-0373-4289-AADB-DB195F3710EA} = {BDA920A6-4BED-4FEA-BA67-99414BDCF746}
		{08D9CC10-DEAE-4DFA-998C-3C3BD620A418} = {BDA920A6-4BED-4FEA-BA67-99414BDCF746}
		{F34C5603-AAD6-4390-8E6F-015608CB88AC} = {17BB5D16-7C33-4B92-81B7-CBDD4DD7364A}
		{B2D54242-533A-48A9-B963-961AEBDF4FCF} = {C30E074D-E642-4E96-AEE7-8CE404C79370}
		{7AB86FED-EDF7-4D2D-A979-77A1E59DF003} = {C30E074D-E642-4E96-AEE7-8CE404C79370}
	EndGlobalSection
	GlobalSection(TestCaseManagementSettings) = postSolution
		CategoryFile = Dhgms.Whipstaff.vsmdi
	EndGlobalSection
EndGlobal
